{
    "name": "astal-shell",
    "lockfileVersion": 3,
    "requires": true,
    "packages": {
        "": {
            "name": "astal-shell",
            "dependencies": {
                "astal": "/home/kilianm/.local/share/ags",
                "typescript": "^5.7.1-rc"
            }
        },
        "../../../../../../nix/store/hd98qfcisszjr5prmb9dz0wd7fq74ffn-astal-gjs/share/astal/gjs": {
            "name": "astal",
            "extraneous": true,
            "license": "LGPL-2.1"
        },
        "../../../../../../nix/store/wncqs8vpjdlja3zg6p7x6bgz7q1rgxig-astal-gjs/share/astal/gjs": {
            "name": "astal",
            "extraneous": true,
            "license": "LGPL-2.1"
        },
        "../../../../.local/share/ags": {
            "name": "astal",
            "license": "LGPL-2.1"
        },
        "node_modules/astal": {
            "resolved": "../../../../.local/share/ags",
            "link": true
        },
        "node_modules/typescript": {
            "version": "5.7.1-rc",
            "resolved": "https://registry.npmjs.org/typescript/-/typescript-5.7.1-rc.tgz",
            "integrity": "sha512-d6m+HT78uZtyUbXbUyIvuJ6kXCTSJEfy+2pZSUwt9d6JZ0kOMNDwhIILfV5FnaxMwVa48Yfw4sK0ISC4Qyq5tw==",
            "license": "Apache-2.0",
            "bin": {
                "tsc": "bin/tsc",
                "tsserver": "bin/tsserver"
            },
            "engines": {
                "node": ">=14.17"
            }
        }
    }
}
