{
    "name": "astal-shell",
    "lockfileVersion": 3,
    "requires": true,
    "packages": {
        "": {
            "name": "astal-shell",
            "dependencies": {
                "astal": "/nix/store/wncqs8vpjdlja3zg6p7x6bgz7q1rgxig-astal-gjs/share/astal/gjs"
            }
        },
        "../../../../../../nix/store/hd98qfcisszjr5prmb9dz0wd7fq74ffn-astal-gjs/share/astal/gjs": {
            "name": "astal",
            "extraneous": true,
            "license": "LGPL-2.1"
        },
        "../../../../../../nix/store/wncqs8vpjdlja3zg6p7x6bgz7q1rgxig-astal-gjs/share/astal/gjs": {
            "name": "astal",
            "license": "LGPL-2.1"
        },
        "node_modules/astal": {
            "resolved": "../../../../../../nix/store/wncqs8vpjdlja3zg6p7x6bgz7q1rgxig-astal-gjs/share/astal/gjs",
            "link": true
        }
    }
}
