{
  "nodes": {
    "base16-schemes": {
      "flake": false,
      "locked": {
        "lastModified": 1696158499,
        "narHash": "sha256-5yIHgDTPjoX/3oDEfLSQ0eJZdFL1SaCfb9d6M0RmOTM=",
        "owner": "tinted-theming",
        "repo": "base16-schemes",
        "rev": "a9112eaae86d9dd8ee6bb9445b664fba2f94037a",
        "type": "github"
      },
      "original": {
        "owner": "tinted-theming",
        "repo": "base16-schemes",
        "type": "github"
      }
    },
    "error-lens-nvim": {
      "flake": false,
      "locked": {
        "lastModified": 1695914176,
        "narHash": "sha256-Zxj0qq0UZLc37KQT9c9J05iAMty1fxclfQrqdFbO1BI=",
        "owner": "chikko80",
        "repo": "error-lens.nvim",
        "rev": "e13b966dfd42517a92df1eb5d73fd14905e483a6",
        "type": "github"
      },
      "original": {
        "owner": "chikko80",
        "repo": "error-lens.nvim",
        "type": "github"
      }
    },
    "flake-compat": {
      "flake": false,
      "locked": {
        "lastModified": 1696426674,
        "narHash": "sha256-kvjfFW7WAETZlt09AgDn1MrtKzP7t90Vf7vypd3OL1U=",
        "owner": "edolstra",
        "repo": "flake-compat",
        "rev": "0f9255e01c2351cc7d116c072cb317785dd33b33",
        "type": "github"
      },
      "original": {
        "owner": "edolstra",
        "repo": "flake-compat",
        "type": "github"
      }
    },
    "flake-parts": {
      "inputs": {
        "nixpkgs-lib": [
          "neovim-overlay",
          "nixpkgs"
        ]
      },
      "locked": {
        "lastModified": 1709336216,
        "narHash": "sha256-Dt/wOWeW6Sqm11Yh+2+t0dfEWxoMxGBvv3JpIocFl9E=",
        "owner": "hercules-ci",
        "repo": "flake-parts",
        "rev": "f7b3c975cf067e56e7cda6cb098ebe3fb4d74ca2",
        "type": "github"
      },
      "original": {
        "owner": "hercules-ci",
        "repo": "flake-parts",
        "type": "github"
      }
    },
    "flake-parts_2": {
      "inputs": {
        "nixpkgs-lib": [
          "neovim-overlay",
          "hercules-ci-effects",
          "nixpkgs"
        ]
      },
      "locked": {
        "lastModified": 1701473968,
        "narHash": "sha256-YcVE5emp1qQ8ieHUnxt1wCZCC3ZfAS+SRRWZ2TMda7E=",
        "owner": "hercules-ci",
        "repo": "flake-parts",
        "rev": "34fed993f1674c8d06d58b37ce1e0fe5eebcb9f5",
        "type": "github"
      },
      "original": {
        "id": "flake-parts",
        "type": "indirect"
      }
    },
    "flake-utils": {
      "inputs": {
        "systems": "systems"
      },
      "locked": {
        "lastModified": 1701680307,
        "narHash": "sha256-kAuep2h5ajznlPMD9rnQyffWG8EM/C73lejGofXvdM8=",
        "owner": "numtide",
        "repo": "flake-utils",
        "rev": "4022d587cbbfd70fe950c1e2083a02621806a725",
        "type": "github"
      },
      "original": {
        "owner": "numtide",
        "repo": "flake-utils",
        "type": "github"
      }
    },
    "flake-utils_2": {
      "inputs": {
        "systems": "systems_2"
      },
      "locked": {
        "lastModified": 1685518550,
        "narHash": "sha256-o2d0KcvaXzTrPRIo0kOLV0/QXHhDQ5DTi+OxcjO8xqY=",
        "owner": "numtide",
        "repo": "flake-utils",
        "rev": "a1720a10a6cfe8234c0e93907ffe81be440f4cef",
        "type": "github"
      },
      "original": {
        "owner": "numtide",
        "repo": "flake-utils",
        "type": "github"
      }
    },
    "flash-nvim": {
      "flake": false,
      "locked": {
        "lastModified": 1697529873,
        "narHash": "sha256-j917u46PaOG6RmsKKoUQHuBMfXfGDD/uOBzDGhKlwTE=",
        "owner": "folke",
        "repo": "flash.nvim",
        "rev": "48817af25f51c0590653bbc290866e4890fe1cbe",
        "type": "github"
      },
      "original": {
        "owner": "folke",
        "repo": "flash.nvim",
        "type": "github"
      }
    },
    "headlines-nvim": {
      "flake": false,
      "locked": {
        "lastModified": 1707364868,
        "narHash": "sha256-NRXkND8GVVPJlxLJU4W1AftXRvgPrHxZeuW+Uha9eKg=",
        "owner": "lukas-reineke",
        "repo": "headlines.nvim",
        "rev": "d39c4e6ed8963717bc9b2dc39fada8fe1039e9bf",
        "type": "github"
      },
      "original": {
        "owner": "lukas-reineke",
        "repo": "headlines.nvim",
        "type": "github"
      }
    },
    "hercules-ci-effects": {
      "inputs": {
        "flake-parts": "flake-parts_2",
        "nixpkgs": [
          "neovim-overlay",
          "nixpkgs"
        ]
      },
      "locked": {
        "lastModified": 1708547820,
        "narHash": "sha256-xU/KC1PWqq5zL9dQ9wYhcdgxAwdeF/dJCLPH3PNZEBg=",
        "owner": "hercules-ci",
        "repo": "hercules-ci-effects",
        "rev": "0ca27bd58e4d5be3135a4bef66b582e57abe8f4a",
        "type": "github"
      },
      "original": {
        "owner": "hercules-ci",
        "repo": "hercules-ci-effects",
        "type": "github"
      }
    },
    "home-manager": {
      "inputs": {
        "nixpkgs": [
          "nixpkgs"
        ]
      },
      "locked": {
        "lastModified": 1708988456,
        "narHash": "sha256-RCz7Xe64tN2zgWk+MVHkzg224znwqknJ1RnB7rVqUWw=",
        "owner": "nix-community",
        "repo": "home-manager",
        "rev": "1d085ea4444d26aa52297758b333b449b2aa6fca",
        "type": "github"
      },
      "original": {
        "owner": "nix-community",
        "repo": "home-manager",
        "type": "github"
      }
    },
    "kanagawa-gtk": {
      "flake": false,
      "locked": {
        "lastModified": 1688426096,
        "narHash": "sha256-BZRmjVas8q6zsYbXFk4bCk5Ec/3liy9PQ8fqFGHAXe0=",
        "owner": "Fausto-Korpsvart",
        "repo": "Kanagawa-GKT-Theme",
        "rev": "35936a1e3bbd329339991b29725fc1f67f192c1e",
        "type": "github"
      },
      "original": {
        "owner": "Fausto-Korpsvart",
        "repo": "Kanagawa-GKT-Theme",
        "type": "github"
      }
    },
    "neovim-flake": {
      "inputs": {
        "flake-utils": "flake-utils",
        "nixpkgs": [
          "neovim-overlay",
          "nixpkgs"
        ]
      },
      "locked": {
        "dir": "contrib",
        "lastModified": 1709389313,
        "narHash": "sha256-c6i3Jq5Z5kqK5xOBQOso/C1DTrkgVzKMpzkPWFY1igA=",
        "owner": "neovim",
        "repo": "neovim",
        "rev": "dc8c086c7e73a9035c34be6416e7c465d61edc0e",
        "type": "github"
      },
      "original": {
        "dir": "contrib",
        "owner": "neovim",
        "repo": "neovim",
        "type": "github"
      }
    },
    "neovim-overlay": {
      "inputs": {
        "flake-compat": "flake-compat",
        "flake-parts": "flake-parts",
        "hercules-ci-effects": "hercules-ci-effects",
        "neovim-flake": "neovim-flake",
        "nixpkgs": [
          "nixpkgs"
        ]
      },
      "locked": {
        "lastModified": 1709424235,
        "narHash": "sha256-znvi6iSclLj9VpJspgw1x/ODCFsiuRIY8dk9vqR5qNM=",
        "owner": "nix-community",
        "repo": "neovim-nightly-overlay",
        "rev": "22225800f7c24e7460026a5b6c9c94187d67555f",
        "type": "github"
      },
      "original": {
        "owner": "nix-community",
        "repo": "neovim-nightly-overlay",
        "type": "github"
      }
    },
    "nix-colors": {
      "inputs": {
        "base16-schemes": "base16-schemes",
        "nixpkgs-lib": "nixpkgs-lib"
      },
      "locked": {
        "lastModified": 1707825078,
        "narHash": "sha256-hTfge2J2W+42SZ7VHXkf4kjU+qzFqPeC9k66jAUBMHk=",
        "owner": "Misterio77",
        "repo": "nix-colors",
        "rev": "b01f024090d2c4fc3152cd0cf12027a7b8453ba1",
        "type": "github"
      },
      "original": {
        "owner": "Misterio77",
        "repo": "nix-colors",
        "type": "github"
      }
    },
    "nixpkgs": {
      "locked": {
        "lastModified": 1708984720,
        "narHash": "sha256-gJctErLbXx4QZBBbGp78PxtOOzsDaQ+yw1ylNQBuSUY=",
        "owner": "nixos",
        "repo": "nixpkgs",
        "rev": "13aff9b34cc32e59d35c62ac9356e4a41198a538",
        "type": "github"
      },
      "original": {
        "owner": "nixos",
        "ref": "nixos-unstable",
        "repo": "nixpkgs",
        "type": "github"
      }
    },
    "nixpkgs-lib": {
      "locked": {
        "lastModified": 1697935651,
        "narHash": "sha256-qOfWjQ2JQSQL15KLh6D7xQhx0qgZlYZTYlcEiRuAMMw=",
        "owner": "nix-community",
        "repo": "nixpkgs.lib",
        "rev": "e1e11fdbb01113d85c7f41cada9d2847660e3902",
        "type": "github"
      },
      "original": {
        "owner": "nix-community",
        "repo": "nixpkgs.lib",
        "type": "github"
      }
    },
    "nord-nvim-alt": {
      "flake": false,
      "locked": {
        "lastModified": 1706800913,
        "narHash": "sha256-iMh+7D955NZcsA1REK9sEdOWEF4CHZ5W5cDFejG9N94=",
        "owner": "gbprod",
        "repo": "nord.nvim",
        "rev": "4ae9eb96e9ee65493d4ade102dec7e4b4d4b8b21",
        "type": "github"
      },
      "original": {
        "owner": "gbprod",
        "repo": "nord.nvim",
        "type": "github"
      }
    },
    "nordic-gtk": {
      "flake": false,
      "locked": {
        "lastModified": 1709070478,
        "narHash": "sha256-BtexUh6/8hMy830e9BqqmBXQBOczaSG7/RTAuQQgYq0=",
        "owner": "EliverLara",
        "repo": "Nordic",
        "rev": "2c8a908d70744509b75825d3978352ee7042f3e6",
        "type": "github"
      },
      "original": {
        "owner": "EliverLara",
        "repo": "Nordic",
        "type": "github"
      }
    },
    "nordic-nvim": {
      "flake": false,
      "locked": {
        "lastModified": 1707415864,
        "narHash": "sha256-9wlzEsHbk9/j3FIxZ7HcVOV01LTHT36qlnqgEQqRDeg=",
        "owner": "AlexvZyl",
        "repo": "nordic.nvim",
        "rev": "1890420f4776f93d2200d68e86d083954113986e",
        "type": "github"
      },
      "original": {
        "owner": "AlexvZyl",
        "repo": "nordic.nvim",
        "type": "github"
      }
    },
    "nvim-tree": {
      "flake": false,
      "locked": {
        "lastModified": 1708757605,
        "narHash": "sha256-8aupc1ZQys6AxWa2XoB0Zobx+liEmxuqlumbgeO2zzY=",
        "owner": "nvim-tree",
        "repo": "nvim-tree.lua",
        "rev": "d52fdeb0a300ac42b9cfa65ae0600a299f8e8677",
        "type": "github"
      },
      "original": {
        "owner": "nvim-tree",
        "repo": "nvim-tree.lua",
        "type": "github"
      }
    },
    "odin-vim": {
      "flake": false,
      "locked": {
        "lastModified": 1683940669,
        "narHash": "sha256-lYLIKxWj3HG28w0Dc7fneerakQogDad2JUaJ5+HCG5g=",
        "owner": "Tetralux",
        "repo": "odin.vim",
        "rev": "0d738ff893ba1a1e1b944feedf3451df8b2ff744",
        "type": "github"
      },
      "original": {
        "owner": "Tetralux",
        "repo": "odin.vim",
        "type": "github"
      }
    },
    "root": {
      "inputs": {
        "error-lens-nvim": "error-lens-nvim",
        "flash-nvim": "flash-nvim",
        "headlines-nvim": "headlines-nvim",
        "home-manager": "home-manager",
        "kanagawa-gtk": "kanagawa-gtk",
        "neovim-overlay": "neovim-overlay",
        "nix-colors": "nix-colors",
        "nixpkgs": "nixpkgs",
        "nord-nvim-alt": "nord-nvim-alt",
        "nordic-gtk": "nordic-gtk",
        "nordic-nvim": "nordic-nvim",
        "nvim-tree": "nvim-tree",
        "odin-vim": "odin-vim",
        "rycee-nur": "rycee-nur",
        "spicetify-nix": "spicetify-nix",
        "stable": "stable",
        "typst-vim": "typst-vim"
      }
    },
    "rycee-nur": {
      "flake": false,
      "locked": {
        "lastModified": 1709006625,
        "narHash": "sha256-QxBqMkGbxKjDym5keWaZG/pVgDl+V2//6C6/V2JzDWc=",
        "owner": "rycee",
        "repo": "nur-expressions",
        "rev": "ef5ffffab80806a4c20e54966a39fcb0649b0381",
        "type": "gitlab"
      },
      "original": {
        "owner": "rycee",
        "repo": "nur-expressions",
        "type": "gitlab"
      }
    },
    "spicetify-nix": {
      "inputs": {
        "flake-utils": "flake-utils_2",
        "nixpkgs": [
          "nixpkgs"
        ]
      },
      "locked": {
        "lastModified": 1704167711,
        "narHash": "sha256-kFDq+kf/Di/P8bq5sUP8pVwRkrSVrABksBjMPmLic3s=",
        "owner": "the-argus",
        "repo": "spicetify-nix",
        "rev": "1325416f951d6a82cfddb1289864ad782e2b87c4",
        "type": "github"
      },
      "original": {
        "owner": "the-argus",
        "repo": "spicetify-nix",
        "type": "github"
      }
    },
    "stable": {
      "locked": {
        "lastModified": 1685566663,
        "narHash": "sha256-btHN1czJ6rzteeCuE/PNrdssqYD2nIA4w48miQAFloM=",
        "owner": "nixos",
        "repo": "nixpkgs",
        "rev": "4ecab3273592f27479a583fb6d975d4aba3486fe",
        "type": "github"
      },
      "original": {
        "owner": "nixos",
        "ref": "23.05",
        "repo": "nixpkgs",
        "type": "github"
      }
    },
    "systems": {
      "locked": {
        "lastModified": 1681028828,
        "narHash": "sha256-Vy1rq5AaRuLzOxct8nz4T6wlgyUR7zLU309k9mBC768=",
        "owner": "nix-systems",
        "repo": "default",
        "rev": "da67096a3b9bf56a91d16901293e51ba5b49a27e",
        "type": "github"
      },
      "original": {
        "owner": "nix-systems",
        "repo": "default",
        "type": "github"
      }
    },
    "systems_2": {
      "locked": {
        "lastModified": 1681028828,
        "narHash": "sha256-Vy1rq5AaRuLzOxct8nz4T6wlgyUR7zLU309k9mBC768=",
        "owner": "nix-systems",
        "repo": "default",
        "rev": "da67096a3b9bf56a91d16901293e51ba5b49a27e",
        "type": "github"
      },
      "original": {
        "owner": "nix-systems",
        "repo": "default",
        "type": "github"
      }
    },
    "typst-vim": {
      "flake": false,
      "locked": {
        "lastModified": 1708984191,
        "narHash": "sha256-1AzXf4QJAmfG74aMx4BWKMwosQCuP24AtDtYMsGlFA0=",
        "owner": "kaarmu",
        "repo": "typst.vim",
        "rev": "ff57d27cf5ee7427941a63fb537714f9a80e0246",
        "type": "github"
      },
      "original": {
        "owner": "kaarmu",
        "repo": "typst.vim",
        "type": "github"
      }
    }
  },
  "root": "root",
  "version": 7
}
