{
  "nodes": {
    "ags": {
      "inputs": {
        "nixpkgs": [
          "nixpkgs"
        ],
        "systems": "systems"
      },
      "locked": {
        "lastModified": 1728326430,
        "narHash": "sha256-tV1ABHuA1HItMdCTuNdA8fMB+qw7LpjvI945VwMSABI=",
        "owner": "Aylur",
        "repo": "ags",
        "rev": "60180a184cfb32b61a1d871c058b31a3b9b0743d",
        "type": "github"
      },
      "original": {
        "owner": "Aylur",
        "repo": "ags",
        "type": "github"
      }
    },
    "error-lens-nvim": {
      "flake": false,
      "locked": {
        "lastModified": 1695914176,
        "narHash": "sha256-Zxj0qq0UZLc37KQT9c9J05iAMty1fxclfQrqdFbO1BI=",
        "owner": "chikko80",
        "repo": "error-lens.nvim",
        "rev": "e13b966dfd42517a92df1eb5d73fd14905e483a6",
        "type": "github"
      },
      "original": {
        "owner": "chikko80",
        "repo": "error-lens.nvim",
        "type": "github"
      }
    },
    "flake-compat": {
      "flake": false,
      "locked": {
        "lastModified": 1696426674,
        "narHash": "sha256-kvjfFW7WAETZlt09AgDn1MrtKzP7t90Vf7vypd3OL1U=",
        "owner": "edolstra",
        "repo": "flake-compat",
        "rev": "0f9255e01c2351cc7d116c072cb317785dd33b33",
        "type": "github"
      },
      "original": {
        "owner": "edolstra",
        "repo": "flake-compat",
        "type": "github"
      }
    },
    "flake-utils": {
      "inputs": {
        "systems": "systems_2"
      },
      "locked": {
        "lastModified": 1710146030,
        "narHash": "sha256-SZ5L6eA7HJ/nmkzGG7/ISclqe6oZdOZTNoesiInkXPQ=",
        "owner": "numtide",
        "repo": "flake-utils",
        "rev": "b1d9ab70662946ef0850d488da1c9019f3a9752a",
        "type": "github"
      },
      "original": {
        "owner": "numtide",
        "repo": "flake-utils",
        "type": "github"
      }
    },
    "home-manager": {
      "inputs": {
        "nixpkgs": [
          "nixpkgs"
        ]
      },
      "locked": {
        "lastModified": 1729027341,
        "narHash": "sha256-IqWD7bA9iJVifvJlB4vs2KUXVhN+d9lECWdNB4jJ0tE=",
        "owner": "nix-community",
        "repo": "home-manager",
        "rev": "2a4fd1cfd8ed5648583dadef86966a8231024221",
        "type": "github"
      },
      "original": {
        "owner": "nix-community",
        "repo": "home-manager",
        "type": "github"
      }
    },
    "mellifluous-nvim": {
      "flake": false,
      "locked": {
        "lastModified": 1728829834,
        "narHash": "sha256-UHSFS9Unvfi6xEUXscVs53Cx8XztIij4v/7HyIS3twY=",
        "owner": "ramojus",
        "repo": "mellifluous.nvim",
        "rev": "1cce83a6df143889c3e17705e2cf7bbe7b10d70f",
        "type": "github"
      },
      "original": {
        "owner": "ramojus",
        "repo": "mellifluous.nvim",
        "type": "github"
      }
    },
    "minegrub": {
      "inputs": {
        "nixpkgs": "nixpkgs"
      },
      "locked": {
        "lastModified": 1725224104,
        "narHash": "sha256-oa2Ifjv3WvlL3KqmSpvkZsPeCi5QEHtAQV/w86aSqwg=",
        "owner": "Lxtharia",
        "repo": "minegrub-theme",
        "rev": "69e492e73c5f24f8be563c576a89f828b67240ec",
        "type": "github"
      },
      "original": {
        "owner": "Lxtharia",
        "repo": "minegrub-theme",
        "type": "github"
      }
    },
    "neomodern-nvim": {
      "flake": false,
      "locked": {
        "lastModified": 1729007761,
        "narHash": "sha256-ge9IGDm58hpn9BcMBP3O5YSSiaf4XogiZJekCpo/snI=",
        "owner": "cdmill",
        "repo": "neomodern.nvim",
        "rev": "c03e8f291e2e38745ec2d31a4f638a4d9516dd06",
        "type": "github"
      },
      "original": {
        "owner": "cdmill",
        "repo": "neomodern.nvim",
        "type": "github"
      }
    },
    "nixpkgs": {
      "locked": {
        "lastModified": 1689850295,
        "narHash": "sha256-fUYf6WdQlhd2H+3aR8jST5dhFH1d0eE22aes8fNIfyk=",
        "owner": "NixOS",
        "repo": "nixpkgs",
        "rev": "5df4d78d54f7a34e9ea1f84a22b4fd9baebc68d0",
        "type": "github"
      },
      "original": {
        "owner": "NixOS",
        "ref": "nixos-unstable",
        "repo": "nixpkgs",
        "type": "github"
      }
    },
    "nixpkgs_2": {
      "locked": {
        "lastModified": 1728888510,
        "narHash": "sha256-nsNdSldaAyu6PE3YUA+YQLqUDJh+gRbBooMMekZJwvI=",
        "owner": "nixos",
        "repo": "nixpkgs",
        "rev": "a3c0b3b21515f74fd2665903d4ce6bc4dc81c77c",
        "type": "github"
      },
      "original": {
        "owner": "nixos",
        "ref": "nixos-unstable",
        "repo": "nixpkgs",
        "type": "github"
      }
    },
    "nixpkgs_3": {
      "locked": {
        "lastModified": 1722415718,
        "narHash": "sha256-5US0/pgxbMksF92k1+eOa8arJTJiPvsdZj9Dl+vJkM4=",
        "owner": "NixOS",
        "repo": "nixpkgs",
        "rev": "c3392ad349a5227f4a3464dce87bcc5046692fce",
        "type": "github"
      },
      "original": {
        "owner": "NixOS",
        "ref": "nixpkgs-unstable",
        "repo": "nixpkgs",
        "type": "github"
      }
    },
    "nvim-tree": {
      "flake": false,
      "locked": {
        "lastModified": 1728892603,
        "narHash": "sha256-iYVsOpvKQpPSwVMVRqmKkfsjqU9lsBWWEVkqjT1pH18=",
        "owner": "nvim-tree",
        "repo": "nvim-tree.lua",
        "rev": "f5f67892996b280ae78b1b0a2d07c4fa29ae0905",
        "type": "github"
      },
      "original": {
        "owner": "nvim-tree",
        "repo": "nvim-tree.lua",
        "type": "github"
      }
    },
    "pywal16-nvim": {
      "flake": false,
      "locked": {
        "lastModified": 1728418041,
        "narHash": "sha256-EafLUKQQFsVSDAOJDFRRfLsIQ6Rj7MMgF2ZRRsRWNE4=",
        "owner": "uZer",
        "repo": "pywal16.nvim",
        "rev": "801783a535ce0ae6329e42d1687ccceb24c92557",
        "type": "github"
      },
      "original": {
        "owner": "uZer",
        "repo": "pywal16.nvim",
        "type": "github"
      }
    },
    "root": {
      "inputs": {
        "ags": "ags",
        "error-lens-nvim": "error-lens-nvim",
        "home-manager": "home-manager",
        "mellifluous-nvim": "mellifluous-nvim",
        "minegrub": "minegrub",
        "neomodern-nvim": "neomodern-nvim",
        "nixpkgs": "nixpkgs_2",
        "nvim-tree": "nvim-tree",
        "pywal16-nvim": "pywal16-nvim",
        "rycee-nur": "rycee-nur",
        "spicetify-nix": "spicetify-nix",
        "stable": "stable",
        "waypaper": "waypaper",
        "yazi": "yazi"
      }
    },
    "rust-overlay": {
      "inputs": {
        "nixpkgs": [
          "yazi",
          "nixpkgs"
        ]
      },
      "locked": {
        "lastModified": 1721441897,
        "narHash": "sha256-gYGX9/22tPNeF7dR6bWN5rsrpU4d06GnQNNgZ6ZiXz0=",
        "owner": "oxalica",
        "repo": "rust-overlay",
        "rev": "b7996075da11a2d441cfbf4e77c2939ce51506fd",
        "type": "github"
      },
      "original": {
        "owner": "oxalica",
        "repo": "rust-overlay",
        "rev": "b7996075da11a2d441cfbf4e77c2939ce51506fd",
        "type": "github"
      }
    },
    "rycee-nur": {
      "flake": false,
      "locked": {
        "lastModified": 1729029507,
        "narHash": "sha256-WDbJ0TOyuOg9TFpzykuYnhYUGvTHBIVQiYDlr3M0/0I=",
        "owner": "rycee",
        "repo": "nur-expressions",
        "rev": "46320f7c4fae7759d11ced3f1ba118663d66bcc1",
        "type": "gitlab"
      },
      "original": {
        "owner": "rycee",
        "repo": "nur-expressions",
        "type": "gitlab"
      }
    },
    "spicetify-nix": {
      "inputs": {
        "flake-compat": "flake-compat",
        "nixpkgs": [
          "nixpkgs"
        ]
      },
      "locked": {
        "lastModified": 1728965841,
        "narHash": "sha256-IwFh7KUJ9saIONcklEkXR3ANtGxkZsNdtpeT6eyF01Q=",
        "owner": "Gerg-L",
        "repo": "spicetify-nix",
        "rev": "3dfd050f21568902449939f085e8d1aa28fb9913",
        "type": "github"
      },
      "original": {
        "owner": "Gerg-L",
        "repo": "spicetify-nix",
        "type": "github"
      }
    },
    "stable": {
      "locked": {
        "lastModified": 1685566663,
        "narHash": "sha256-btHN1czJ6rzteeCuE/PNrdssqYD2nIA4w48miQAFloM=",
        "owner": "nixos",
        "repo": "nixpkgs",
        "rev": "4ecab3273592f27479a583fb6d975d4aba3486fe",
        "type": "github"
      },
      "original": {
        "owner": "nixos",
        "ref": "23.05",
        "repo": "nixpkgs",
        "type": "github"
      }
    },
    "systems": {
      "locked": {
        "lastModified": 1689347949,
        "narHash": "sha256-12tWmuL2zgBgZkdoB6qXZsgJEH9LR3oUgpaQq2RbI80=",
        "owner": "nix-systems",
        "repo": "default-linux",
        "rev": "31732fcf5e8fea42e59c2488ad31a0e651500f68",
        "type": "github"
      },
      "original": {
        "owner": "nix-systems",
        "repo": "default-linux",
        "type": "github"
      }
    },
    "systems_2": {
      "locked": {
        "lastModified": 1681028828,
        "narHash": "sha256-Vy1rq5AaRuLzOxct8nz4T6wlgyUR7zLU309k9mBC768=",
        "owner": "nix-systems",
        "repo": "default",
        "rev": "da67096a3b9bf56a91d16901293e51ba5b49a27e",
        "type": "github"
      },
      "original": {
        "owner": "nix-systems",
        "repo": "default",
        "type": "github"
      }
    },
    "waypaper": {
      "flake": false,
      "locked": {
        "lastModified": 1728628527,
        "narHash": "sha256-moeafAn2d/VqqJxoJy3VmxpFCWyjfbEP/qi10/GTKMs=",
        "owner": "anufrievroman",
        "repo": "waypaper",
        "rev": "46612c2f0628444fc5a8e8b0d4ff0f5ae83ec6d5",
        "type": "github"
      },
      "original": {
        "owner": "anufrievroman",
        "repo": "waypaper",
        "type": "github"
      }
    },
    "yazi": {
      "inputs": {
        "flake-utils": "flake-utils",
        "nixpkgs": "nixpkgs_3",
        "rust-overlay": "rust-overlay"
      },
      "locked": {
        "lastModified": 1729010667,
        "narHash": "sha256-QXtSQN+Vrt+R5KsqXHwHLbkZ0Vw2u0somDbqKF58uSo=",
        "owner": "sxyazi",
        "repo": "yazi",
        "rev": "17a1169ea2ed089e0e4282839d79787b6ff9b656",
        "type": "github"
      },
      "original": {
        "owner": "sxyazi",
        "repo": "yazi",
        "type": "github"
      }
    }
  },
  "root": "root",
  "version": 7
}
